// !$*UTF8*$!
{
	archiveVersion = 1;
	classes = {
	};
	objectVersion = 48;
	objects = {

/* Begin PBXBuildFile section */
		52420A2E212A3918005B4C83 /* main.cpp in Sources */ = {isa = PBXBuildFile; fileRef = 52420A2D212A3918005B4C83 /* main.cpp */; };
		52420A37212A3963005B4C83 /* builder.cpp in Sources */ = {isa = PBXBuildFile; fileRef = 52420A35212A3963005B4C83 /* builder.cpp */; };
		52420A3E212A71C7005B4C83 /* gtest.framework in Frameworks */ = {isa = PBXBuildFile; fileRef = 52420A3D212A71C7005B4C83 /* gtest.framework */; };
		52420A42212B0086005B4C83 /* singleton.cpp in Sources */ = {isa = PBXBuildFile; fileRef = 52420A40212B0086005B4C83 /* singleton.cpp */; };
		528252D0212B88880013BE38 /* factory.cpp in Sources */ = {isa = PBXBuildFile; fileRef = 528252CE212B88880013BE38 /* factory.cpp */; };
		528252D4212BDF3A0013BE38 /* strategy.cpp in Sources */ = {isa = PBXBuildFile; fileRef = 528252D2212BDF3A0013BE38 /* strategy.cpp */; };
		528252D8212C14F80013BE38 /* proxy.cpp in Sources */ = {isa = PBXBuildFile; fileRef = 528252D6212C14F80013BE38 /* proxy.cpp */; };
		528252DB212C5EA90013BE38 /* bridge.cpp in Sources */ = {isa = PBXBuildFile; fileRef = 528252D9212C5EA90013BE38 /* bridge.cpp */; };
		528252DE212DA0730013BE38 /* adapter.cpp in Sources */ = {isa = PBXBuildFile; fileRef = 528252DC212DA0730013BE38 /* adapter.cpp */; };
		528A5319213121DC00CC843C /* composite.cpp in Sources */ = {isa = PBXBuildFile; fileRef = 528A5317213121DC00CC843C /* composite.cpp */; };
/* End PBXBuildFile section */

/* Begin PBXCopyFilesBuildPhase section */
		52420A28212A3918005B4C83 /* CopyFiles */ = {
			isa = PBXCopyFilesBuildPhase;
			buildActionMask = 2147483647;
			dstPath = /usr/share/man/man1/;
			dstSubfolderSpec = 0;
			files = (
			);
			runOnlyForDeploymentPostprocessing = 1;
		};
/* End PBXCopyFilesBuildPhase section */

/* Begin PBXFileReference section */
		52420A2A212A3918005B4C83 /* design-pattern */ = {isa = PBXFileReference; explicitFileType = "compiled.mach-o.executable"; includeInIndex = 0; path = "design-pattern"; sourceTree = BUILT_PRODUCTS_DIR; };
		52420A2D212A3918005B4C83 /* main.cpp */ = {isa = PBXFileReference; lastKnownFileType = sourcecode.cpp.cpp; path = main.cpp; sourceTree = "<group>"; };
		52420A35212A3963005B4C83 /* builder.cpp */ = {isa = PBXFileReference; lastKnownFileType = sourcecode.cpp.cpp; path = builder.cpp; sourceTree = "<group>"; };
		52420A36212A3963005B4C83 /* builder.hpp */ = {isa = PBXFileReference; lastKnownFileType = sourcecode.cpp.h; path = builder.hpp; sourceTree = "<group>"; };
		52420A3D212A71C7005B4C83 /* gtest.framework */ = {isa = PBXFileReference; lastKnownFileType = wrapper.framework; path = gtest.framework; sourceTree = "<group>"; };
		52420A40212B0086005B4C83 /* singleton.cpp */ = {isa = PBXFileReference; lastKnownFileType = sourcecode.cpp.cpp; path = singleton.cpp; sourceTree = "<group>"; };
		52420A41212B0086005B4C83 /* singleton.hpp */ = {isa = PBXFileReference; lastKnownFileType = sourcecode.cpp.h; path = singleton.hpp; sourceTree = "<group>"; };
		528252CE212B88880013BE38 /* factory.cpp */ = {isa = PBXFileReference; lastKnownFileType = sourcecode.cpp.cpp; path = factory.cpp; sourceTree = "<group>"; };
		528252CF212B88880013BE38 /* factory.hpp */ = {isa = PBXFileReference; lastKnownFileType = sourcecode.cpp.h; path = factory.hpp; sourceTree = "<group>"; };
		528252D2212BDF3A0013BE38 /* strategy.cpp */ = {isa = PBXFileReference; lastKnownFileType = sourcecode.cpp.cpp; path = strategy.cpp; sourceTree = "<group>"; };
		528252D3212BDF3A0013BE38 /* strategy.hpp */ = {isa = PBXFileReference; lastKnownFileType = sourcecode.cpp.h; path = strategy.hpp; sourceTree = "<group>"; };
		528252D5212C0E7F0013BE38 /* quota.txt */ = {isa = PBXFileReference; lastKnownFileType = text; path = quota.txt; sourceTree = "<group>"; };
		528252D6212C14F80013BE38 /* proxy.cpp */ = {isa = PBXFileReference; lastKnownFileType = sourcecode.cpp.cpp; path = proxy.cpp; sourceTree = "<group>"; };
		528252D7212C14F80013BE38 /* proxy.hpp */ = {isa = PBXFileReference; lastKnownFileType = sourcecode.cpp.h; path = proxy.hpp; sourceTree = "<group>"; };
		528252D9212C5EA90013BE38 /* bridge.cpp */ = {isa = PBXFileReference; lastKnownFileType = sourcecode.cpp.cpp; path = bridge.cpp; sourceTree = "<group>"; };
		528252DA212C5EA90013BE38 /* bridge.hpp */ = {isa = PBXFileReference; lastKnownFileType = sourcecode.cpp.h; path = bridge.hpp; sourceTree = "<group>"; };
		528252DC212DA0730013BE38 /* adapter.cpp */ = {isa = PBXFileReference; lastKnownFileType = sourcecode.cpp.cpp; path = adapter.cpp; sourceTree = "<group>"; };
		528252DD212DA0730013BE38 /* adapter.hpp */ = {isa = PBXFileReference; lastKnownFileType = sourcecode.cpp.h; path = adapter.hpp; sourceTree = "<group>"; };
		528A5317213121DC00CC843C /* composite.cpp */ = {isa = PBXFileReference; lastKnownFileType = sourcecode.cpp.cpp; path = composite.cpp; sourceTree = "<group>"; };
		528A5318213121DC00CC843C /* composite.hpp */ = {isa = PBXFileReference; lastKnownFileType = sourcecode.cpp.h; path = composite.hpp; sourceTree = "<group>"; };
/* End PBXFileReference section */

/* Begin PBXFrameworksBuildPhase section */
		52420A27212A3918005B4C83 /* Frameworks */ = {
			isa = PBXFrameworksBuildPhase;
			buildActionMask = 2147483647;
			files = (
				52420A3E212A71C7005B4C83 /* gtest.framework in Frameworks */,
			);
			runOnlyForDeploymentPostprocessing = 0;
		};
/* End PBXFrameworksBuildPhase section */

/* Begin PBXGroup section */
		52420A21212A3918005B4C83 = {
			isa = PBXGroup;
			children = (
				52420A3D212A71C7005B4C83 /* gtest.framework */,
				52420A2C212A3918005B4C83 /* design-pattern */,
				52420A2B212A3918005B4C83 /* Products */,
			);
			sourceTree = "<group>";
		};
		52420A2B212A3918005B4C83 /* Products */ = {
			isa = PBXGroup;
			children = (
				52420A2A212A3918005B4C83 /* design-pattern */,
			);
			name = Products;
			sourceTree = "<group>";
		};
		52420A2C212A3918005B4C83 /* design-pattern */ = {
			isa = PBXGroup;
			children = (
				528252D1212BDF070013BE38 /* behavioral */,
				52420A3F212B0060005B4C83 /* structural */,
				52420A34212A3936005B4C83 /* creational */,
				52420A2D212A3918005B4C83 /* main.cpp */,
			);
			path = "design-pattern";
			sourceTree = "<group>";
		};
		52420A34212A3936005B4C83 /* creational */ = {
			isa = PBXGroup;
			children = (
				52420A35212A3963005B4C83 /* builder.cpp */,
				52420A36212A3963005B4C83 /* builder.hpp */,
				52420A40212B0086005B4C83 /* singleton.cpp */,
				52420A41212B0086005B4C83 /* singleton.hpp */,
				528252CE212B88880013BE38 /* factory.cpp */,
				528252CF212B88880013BE38 /* factory.hpp */,
			);
			path = creational;
			sourceTree = "<group>";
		};
		52420A3F212B0060005B4C83 /* structural */ = {
			isa = PBXGroup;
			children = (
				528252D6212C14F80013BE38 /* proxy.cpp */,
				528252D7212C14F80013BE38 /* proxy.hpp */,
				528252D9212C5EA90013BE38 /* bridge.cpp */,
				528252DA212C5EA90013BE38 /* bridge.hpp */,
				528252DC212DA0730013BE38 /* adapter.cpp */,
				528252DD212DA0730013BE38 /* adapter.hpp */,
				528A5317213121DC00CC843C /* composite.cpp */,
				528A5318213121DC00CC843C /* composite.hpp */,
			);
			path = structural;
			sourceTree = "<group>";
		};
		528252D1212BDF070013BE38 /* behavioral */ = {
			isa = PBXGroup;
			children = (
				528252D2212BDF3A0013BE38 /* strategy.cpp */,
				528252D3212BDF3A0013BE38 /* strategy.hpp */,
				528252D5212C0E7F0013BE38 /* quota.txt */,
			);
			path = behavioral;
			sourceTree = "<group>";
		};
/* End PBXGroup section */

/* Begin PBXNativeTarget section */
		52420A29212A3918005B4C83 /* design-pattern */ = {
			isa = PBXNativeTarget;
			buildConfigurationList = 52420A31212A3918005B4C83 /* Build configuration list for PBXNativeTarget "design-pattern" */;
			buildPhases = (
				52420A26212A3918005B4C83 /* Sources */,
				52420A27212A3918005B4C83 /* Frameworks */,
				52420A28212A3918005B4C83 /* CopyFiles */,
			);
			buildRules = (
			);
			dependencies = (
			);
			name = "design-pattern";
			productName = "design-pattern";
			productReference = 52420A2A212A3918005B4C83 /* design-pattern */;
			productType = "com.apple.product-type.tool";
		};
/* End PBXNativeTarget section */

/* Begin PBXProject section */
		52420A22212A3918005B4C83 /* Project object */ = {
			isa = PBXProject;
			attributes = {
				LastUpgradeCheck = 0910;
				ORGANIZATIONNAME = "nelson lin";
				TargetAttributes = {
					52420A29212A3918005B4C83 = {
						CreatedOnToolsVersion = 9.1;
						ProvisioningStyle = Automatic;
					};
				};
			};
			buildConfigurationList = 52420A25212A3918005B4C83 /* Build configuration list for PBXProject "design-pattern" */;
			compatibilityVersion = "Xcode 8.0";
			developmentRegion = en;
			hasScannedForEncodings = 0;
			knownRegions = (
				en,
			);
			mainGroup = 52420A21212A3918005B4C83;
			productRefGroup = 52420A2B212A3918005B4C83 /* Products */;
			projectDirPath = "";
			projectRoot = "";
			targets = (
				52420A29212A3918005B4C83 /* design-pattern */,
			);
		};
/* End PBXProject section */

/* Begin PBXSourcesBuildPhase section */
		52420A26212A3918005B4C83 /* Sources */ = {
			isa = PBXSourcesBuildPhase;
			buildActionMask = 2147483647;
			files = (
				528252D4212BDF3A0013BE38 /* strategy.cpp in Sources */,
				528252D0212B88880013BE38 /* factory.cpp in Sources */,
				528A5319213121DC00CC843C /* composite.cpp in Sources */,
				528252D8212C14F80013BE38 /* proxy.cpp in Sources */,
				52420A2E212A3918005B4C83 /* main.cpp in Sources */,
				52420A37212A3963005B4C83 /* builder.cpp in Sources */,
				528252DE212DA0730013BE38 /* adapter.cpp in Sources */,
				528252DB212C5EA90013BE38 /* bridge.cpp in Sources */,
				52420A42212B0086005B4C83 /* singleton.cpp in Sources */,
			);
			runOnlyForDeploymentPostprocessing = 0;
		};
/* End PBXSourcesBuildPhase section */

/* Begin XCBuildConfiguration section */
		52420A2F212A3918005B4C83 /* Debug */ = {
			isa = XCBuildConfiguration;
			buildSettings = {
				ALWAYS_SEARCH_USER_PATHS = NO;
				CLANG_ANALYZER_NONNULL = YES;
				CLANG_ANALYZER_NUMBER_OBJECT_CONVERSION = YES_AGGRESSIVE;
				CLANG_CXX_LANGUAGE_STANDARD = "gnu++14";
				CLANG_CXX_LIBRARY = "libc++";
				CLANG_ENABLE_MODULES = YES;
				CLANG_ENABLE_OBJC_ARC = YES;
				CLANG_WARN_BLOCK_CAPTURE_AUTORELEASING = YES;
				CLANG_WARN_BOOL_CONVERSION = YES;
				CLANG_WARN_COMMA = YES;
				CLANG_WARN_CONSTANT_CONVERSION = YES;
				CLANG_WARN_DIRECT_OBJC_ISA_USAGE = YES_ERROR;
				CLANG_WARN_DOCUMENTATION_COMMENTS = YES;
				CLANG_WARN_EMPTY_BODY = YES;
				CLANG_WARN_ENUM_CONVERSION = YES;
				CLANG_WARN_INFINITE_RECURSION = YES;
				CLANG_WARN_INT_CONVERSION = YES;
				CLANG_WARN_NON_LITERAL_NULL_CONVERSION = YES;
				CLANG_WARN_OBJC_LITERAL_CONVERSION = YES;
				CLANG_WARN_OBJC_ROOT_CLASS = YES_ERROR;
				CLANG_WARN_RANGE_LOOP_ANALYSIS = YES;
				CLANG_WARN_STRICT_PROTOTYPES = YES;
				CLANG_WARN_SUSPICIOUS_MOVE = YES;
				CLANG_WARN_UNGUARDED_AVAILABILITY = YES_AGGRESSIVE;
				CLANG_WARN_UNREACHABLE_CODE = YES;
				CLANG_WARN__DUPLICATE_METHOD_MATCH = YES;
				CODE_SIGN_IDENTITY = "-";
				COPY_PHASE_STRIP = NO;
				DEBUG_INFORMATION_FORMAT = dwarf;
				ENABLE_STRICT_OBJC_MSGSEND = YES;
				ENABLE_TESTABILITY = YES;
				GCC_C_LANGUAGE_STANDARD = gnu11;
				GCC_DYNAMIC_NO_PIC = NO;
				GCC_NO_COMMON_BLOCKS = YES;
				GCC_OPTIMIZATION_LEVEL = 0;
				GCC_PREPROCESSOR_DEFINITIONS = (
					"DEBUG=1",
					"$(inherited)",
				);
				GCC_WARN_64_TO_32_BIT_CONVERSION = YES;
				GCC_WARN_ABOUT_RETURN_TYPE = YES_ERROR;
				GCC_WARN_UNDECLARED_SELECTOR = YES;
				GCC_WARN_UNINITIALIZED_AUTOS = YES_AGGRESSIVE;
				GCC_WARN_UNUSED_FUNCTION = YES;
				GCC_WARN_UNUSED_VARIABLE = YES;
				MACOSX_DEPLOYMENT_TARGET = 10.13;
				MTL_ENABLE_DEBUG_INFO = YES;
				ONLY_ACTIVE_ARCH = YES;
				SDKROOT = macosx;
			};
			name = Debug;
		};
		52420A30212A3918005B4C83 /* Release */ = {
			isa = XCBuildConfiguration;
			buildSettings = {
				ALWAYS_SEARCH_USER_PATHS = NO;
				CLANG_ANALYZER_NONNULL = YES;
				CLANG_ANALYZER_NUMBER_OBJECT_CONVERSION = YES_AGGRESSIVE;
				CLANG_CXX_LANGUAGE_STANDARD = "gnu++14";
				CLANG_CXX_LIBRARY = "libc++";
				CLANG_ENABLE_MODULES = YES;
				CLANG_ENABLE_OBJC_ARC = YES;
				CLANG_WARN_BLOCK_CAPTURE_AUTORELEASING = YES;
				CLANG_WARN_BOOL_CONVERSION = YES;
				CLANG_WARN_COMMA = YES;
				CLANG_WARN_CONSTANT_CONVERSION = YES;
				CLANG_WARN_DIRECT_OBJC_ISA_USAGE = YES_ERROR;
				CLANG_WARN_DOCUMENTATION_COMMENTS = YES;
				CLANG_WARN_EMPTY_BODY = YES;
				CLANG_WARN_ENUM_CONVERSION = YES;
				CLANG_WARN_INFINITE_RECURSION = YES;
				CLANG_WARN_INT_CONVERSION = YES;
				CLANG_WARN_NON_LITERAL_NULL_CONVERSION = YES;
				CLANG_WARN_OBJC_LITERAL_CONVERSION = YES;
				CLANG_WARN_OBJC_ROOT_CLASS = YES_ERROR;
				CLANG_WARN_RANGE_LOOP_ANALYSIS = YES;
				CLANG_WARN_STRICT_PROTOTYPES = YES;
				CLANG_WARN_SUSPICIOUS_MOVE = YES;
				CLANG_WARN_UNGUARDED_AVAILABILITY = YES_AGGRESSIVE;
				CLANG_WARN_UNREACHABLE_CODE = YES;
				CLANG_WARN__DUPLICATE_METHOD_MATCH = YES;
				CODE_SIGN_IDENTITY = "-";
				COPY_PHASE_STRIP = NO;
				DEBUG_INFORMATION_FORMAT = "dwarf-with-dsym";
				ENABLE_NS_ASSERTIONS = NO;
				ENABLE_STRICT_OBJC_MSGSEND = YES;
				GCC_C_LANGUAGE_STANDARD = gnu11;
				GCC_NO_COMMON_BLOCKS = YES;
				GCC_WARN_64_TO_32_BIT_CONVERSION = YES;
				GCC_WARN_ABOUT_RETURN_TYPE = YES_ERROR;
				GCC_WARN_UNDECLARED_SELECTOR = YES;
				GCC_WARN_UNINITIALIZED_AUTOS = YES_AGGRESSIVE;
				GCC_WARN_UNUSED_FUNCTION = YES;
				GCC_WARN_UNUSED_VARIABLE = YES;
				MACOSX_DEPLOYMENT_TARGET = 10.13;
				MTL_ENABLE_DEBUG_INFO = NO;
				SDKROOT = macosx;
			};
			name = Release;
		};
		52420A32212A3918005B4C83 /* Debug */ = {
			isa = XCBuildConfiguration;
			buildSettings = {
				CODE_SIGN_STYLE = Automatic;
				FRAMEWORK_SEARCH_PATHS = (
					"$(inherited)",
					"$(PROJECT_DIR)",
				);
				PRODUCT_NAME = "$(TARGET_NAME)";
			};
			name = Debug;
		};
		52420A33212A3918005B4C83 /* Release */ = {
			isa = XCBuildConfiguration;
			buildSettings = {
				CODE_SIGN_STYLE = Automatic;
				FRAMEWORK_SEARCH_PATHS = (
					"$(inherited)",
					"$(PROJECT_DIR)",
				);
				PRODUCT_NAME = "$(TARGET_NAME)";
			};
			name = Release;
		};
/* End XCBuildConfiguration section */

/* Begin XCConfigurationList section */
		52420A25212A3918005B4C83 /* Build configuration list for PBXProject "design-pattern" */ = {
			isa = XCConfigurationList;
			buildConfigurations = (
				52420A2F212A3918005B4C83 /* Debug */,
				52420A30212A3918005B4C83 /* Release */,
			);
			defaultConfigurationIsVisible = 0;
			defaultConfigurationName = Release;
		};
		52420A31212A3918005B4C83 /* Build configuration list for PBXNativeTarget "design-pattern" */ = {
			isa = XCConfigurationList;
			buildConfigurations = (
				52420A32212A3918005B4C83 /* Debug */,
				52420A33212A3918005B4C83 /* Release */,
			);
			defaultConfigurationIsVisible = 0;
			defaultConfigurationName = Release;
		};
/* End XCConfigurationList section */
	};
	rootObject = 52420A22212A3918005B4C83 /* Project object */;
}
